// !$*UTF8*$!
{
	archiveVersion = 1;
	classes = {
	};
	objectVersion = 46;
	objects = {

/* Begin PBXBuildFile section */
		5F4828931C65C364007FB4FB /* SearchTableViewController.swift in Sources */ = {isa = PBXBuildFile; fileRef = 5F4828921C65C364007FB4FB /* SearchTableViewController.swift */; };
		5F82CEDA1C64399E00D23209 /* AppDelegate.swift in Sources */ = {isa = PBXBuildFile; fileRef = 5F82CED91C64399E00D23209 /* AppDelegate.swift */; };
		5F82CEDF1C64399E00D23209 /* Main.storyboard in Resources */ = {isa = PBXBuildFile; fileRef = 5F82CEDD1C64399E00D23209 /* Main.storyboard */; };
		5F82CEE11C64399E00D23209 /* Assets.xcassets in Resources */ = {isa = PBXBuildFile; fileRef = 5F82CEE01C64399E00D23209 /* Assets.xcassets */; };
		5F82CEE41C64399E00D23209 /* LaunchScreen.storyboard in Resources */ = {isa = PBXBuildFile; fileRef = 5F82CEE21C64399E00D23209 /* LaunchScreen.storyboard */; };
		5F82CEEF1C64399E00D23209 /* RealmMemoAppTests.swift in Sources */ = {isa = PBXBuildFile; fileRef = 5F82CEEE1C64399E00D23209 /* RealmMemoAppTests.swift */; };
		5F82CEFA1C64399E00D23209 /* RealmMemoAppUITests.swift in Sources */ = {isa = PBXBuildFile; fileRef = 5F82CEF91C64399E00D23209 /* RealmMemoAppUITests.swift */; };
		5F82CF091C643C9300D23209 /* Realm.framework in Frameworks */ = {isa = PBXBuildFile; fileRef = 5F82CF071C643C9300D23209 /* Realm.framework */; };
		5F82CF0A1C643C9300D23209 /* RealmSwift.framework in Frameworks */ = {isa = PBXBuildFile; fileRef = 5F82CF081C643C9300D23209 /* RealmSwift.framework */; };
		5F82CF0D1C643DCB00D23209 /* TableViewController.swift in Sources */ = {isa = PBXBuildFile; fileRef = 5F82CF0C1C643DCB00D23209 /* TableViewController.swift */; };
		5F82CF0F1C643F1500D23209 /* Post.swift in Sources */ = {isa = PBXBuildFile; fileRef = 5F82CF0E1C643F1500D23209 /* Post.swift */; };
		5F82CF111C648F5C00D23209 /* PostCollection.swift in Sources */ = {isa = PBXBuildFile; fileRef = 5F82CF101C648F5C00D23209 /* PostCollection.swift */; };
/* End PBXBuildFile section */

/* Begin PBXContainerItemProxy section */
		5F82CEEB1C64399E00D23209 /* PBXContainerItemProxy */ = {
			isa = PBXContainerItemProxy;
			containerPortal = 5F82CECE1C64399E00D23209 /* Project object */;
			proxyType = 1;
			remoteGlobalIDString = 5F82CED51C64399E00D23209;
			remoteInfo = RealmMemoApp;
		};
		5F82CEF61C64399E00D23209 /* PBXContainerItemProxy */ = {
			isa = PBXContainerItemProxy;
			containerPortal = 5F82CECE1C64399E00D23209 /* Project object */;
			proxyType = 1;
			remoteGlobalIDString = 5F82CED51C64399E00D23209;
			remoteInfo = RealmMemoApp;
		};
/* End PBXContainerItemProxy section */

/* Begin PBXFileReference section */
		5F4828921C65C364007FB4FB /* SearchTableViewController.swift */ = {isa = PBXFileReference; fileEncoding = 4; lastKnownFileType = sourcecode.swift; path = SearchTableViewController.swift; sourceTree = "<group>"; };
		5F82CED61C64399E00D23209 /* RealmMemoApp.app */ = {isa = PBXFileReference; explicitFileType = wrapper.application; includeInIndex = 0; path = RealmMemoApp.app; sourceTree = BUILT_PRODUCTS_DIR; };
		5F82CED91C64399E00D23209 /* AppDelegate.swift */ = {isa = PBXFileReference; lastKnownFileType = sourcecode.swift; path = AppDelegate.swift; sourceTree = "<group>"; };
		5F82CEDE1C64399E00D23209 /* Base */ = {isa = PBXFileReference; lastKnownFileType = file.storyboard; name = Base; path = Base.lproj/Main.storyboard; sourceTree = "<group>"; };
		5F82CEE01C64399E00D23209 /* Assets.xcassets */ = {isa = PBXFileReference; lastKnownFileType = folder.assetcatalog; path = Assets.xcassets; sourceTree = "<group>"; };
		5F82CEE31C64399E00D23209 /* Base */ = {isa = PBXFileReference; lastKnownFileType = file.storyboard; name = Base; path = Base.lproj/LaunchScreen.storyboard; sourceTree = "<group>"; };
		5F82CEE51C64399E00D23209 /* Info.plist */ = {isa = PBXFileReference; lastKnownFileType = text.plist.xml; path = Info.plist; sourceTree = "<group>"; };
		5F82CEEA1C64399E00D23209 /* RealmMemoAppTests.xctest */ = {isa = PBXFileReference; explicitFileType = wrapper.cfbundle; includeInIndex = 0; path = RealmMemoAppTests.xctest; sourceTree = BUILT_PRODUCTS_DIR; };
		5F82CEEE1C64399E00D23209 /* RealmMemoAppTests.swift */ = {isa = PBXFileReference; lastKnownFileType = sourcecode.swift; path = RealmMemoAppTests.swift; sourceTree = "<group>"; };
		5F82CEF01C64399E00D23209 /* Info.plist */ = {isa = PBXFileReference; lastKnownFileType = text.plist.xml; path = Info.plist; sourceTree = "<group>"; };
		5F82CEF51C64399E00D23209 /* RealmMemoAppUITests.xctest */ = {isa = PBXFileReference; explicitFileType = wrapper.cfbundle; includeInIndex = 0; path = RealmMemoAppUITests.xctest; sourceTree = BUILT_PRODUCTS_DIR; };
		5F82CEF91C64399E00D23209 /* RealmMemoAppUITests.swift */ = {isa = PBXFileReference; lastKnownFileType = sourcecode.swift; path = RealmMemoAppUITests.swift; sourceTree = "<group>"; };
		5F82CEFB1C64399E00D23209 /* Info.plist */ = {isa = PBXFileReference; lastKnownFileType = text.plist.xml; path = Info.plist; sourceTree = "<group>"; };
		5F82CF071C643C9300D23209 /* Realm.framework */ = {isa = PBXFileReference; lastKnownFileType = wrapper.framework; name = Realm.framework; path = Carthage/Build/iOS/Realm.framework; sourceTree = "<group>"; };
		5F82CF081C643C9300D23209 /* RealmSwift.framework */ = {isa = PBXFileReference; lastKnownFileType = wrapper.framework; name = RealmSwift.framework; path = Carthage/Build/iOS/RealmSwift.framework; sourceTree = "<group>"; };
		5F82CF0C1C643DCB00D23209 /* TableViewController.swift */ = {isa = PBXFileReference; fileEncoding = 4; lastKnownFileType = sourcecode.swift; path = TableViewController.swift; sourceTree = "<group>"; };
		5F82CF0E1C643F1500D23209 /* Post.swift */ = {isa = PBXFileReference; fileEncoding = 4; lastKnownFileType = sourcecode.swift; path = Post.swift; sourceTree = "<group>"; };
		5F82CF101C648F5C00D23209 /* PostCollection.swift */ = {isa = PBXFileReference; fileEncoding = 4; lastKnownFileType = sourcecode.swift; path = PostCollection.swift; sourceTree = "<group>"; };
/* End PBXFileReference section */

/* Begin PBXFrameworksBuildPhase section */
		5F82CED31C64399E00D23209 /* Frameworks */ = {
			isa = PBXFrameworksBuildPhase;
			buildActionMask = 2147483647;
			files = (
				5F82CF091C643C9300D23209 /* Realm.framework in Frameworks */,
				5F82CF0A1C643C9300D23209 /* RealmSwift.framework in Frameworks */,
			);
			runOnlyForDeploymentPostprocessing = 0;
		};
		5F82CEE71C64399E00D23209 /* Frameworks */ = {
			isa = PBXFrameworksBuildPhase;
			buildActionMask = 2147483647;
			files = (
			);
			runOnlyForDeploymentPostprocessing = 0;
		};
		5F82CEF21C64399E00D23209 /* Frameworks */ = {
			isa = PBXFrameworksBuildPhase;
			buildActionMask = 2147483647;
			files = (
			);
			runOnlyForDeploymentPostprocessing = 0;
		};
/* End PBXFrameworksBuildPhase section */

/* Begin PBXGroup section */
		5F82CECD1C64399E00D23209 = {
			isa = PBXGroup;
			children = (
				5F82CF071C643C9300D23209 /* Realm.framework */,
				5F82CF081C643C9300D23209 /* RealmSwift.framework */,
				5F82CED81C64399E00D23209 /* RealmMemoApp */,
				5F82CEED1C64399E00D23209 /* RealmMemoAppTests */,
				5F82CEF81C64399E00D23209 /* RealmMemoAppUITests */,
				5F82CED71C64399E00D23209 /* Products */,
			);
			sourceTree = "<group>";
		};
		5F82CED71C64399E00D23209 /* Products */ = {
			isa = PBXGroup;
			children = (
				5F82CED61C64399E00D23209 /* RealmMemoApp.app */,
				5F82CEEA1C64399E00D23209 /* RealmMemoAppTests.xctest */,
				5F82CEF51C64399E00D23209 /* RealmMemoAppUITests.xctest */,
			);
			name = Products;
			sourceTree = "<group>";
		};
		5F82CED81C64399E00D23209 /* RealmMemoApp */ = {
			isa = PBXGroup;
			children = (
				5FD45E911C6829AD003FB6D3 /* Model */,
				5FD45E901C6829A6003FB6D3 /* View */,
				5FD45E8F1C68299D003FB6D3 /* Controller */,
				5F82CED91C64399E00D23209 /* AppDelegate.swift */,
				5F82CEDD1C64399E00D23209 /* Main.storyboard */,
				5F82CEE01C64399E00D23209 /* Assets.xcassets */,
				5F82CEE21C64399E00D23209 /* LaunchScreen.storyboard */,
				5F82CEE51C64399E00D23209 /* Info.plist */,
			);
			path = RealmMemoApp;
			sourceTree = "<group>";
		};
		5F82CEED1C64399E00D23209 /* RealmMemoAppTests */ = {
			isa = PBXGroup;
			children = (
				5F82CEEE1C64399E00D23209 /* RealmMemoAppTests.swift */,
				5F82CEF01C64399E00D23209 /* Info.plist */,
			);
			path = RealmMemoAppTests;
			sourceTree = "<group>";
		};
		5F82CEF81C64399E00D23209 /* RealmMemoAppUITests */ = {
			isa = PBXGroup;
			children = (
				5F82CEF91C64399E00D23209 /* RealmMemoAppUITests.swift */,
				5F82CEFB1C64399E00D23209 /* Info.plist */,
			);
			path = RealmMemoAppUITests;
			sourceTree = "<group>";
		};
		5FD45E8F1C68299D003FB6D3 /* Controller */ = {
			isa = PBXGroup;
			children = (
				5F82CF0C1C643DCB00D23209 /* TableViewController.swift */,
				5F4828921C65C364007FB4FB /* SearchTableViewController.swift */,
			);
			name = Controller;
			sourceTree = "<group>";
		};
		5FD45E901C6829A6003FB6D3 /* View */ = {
			isa = PBXGroup;
			children = (
			);
			name = View;
			sourceTree = "<group>";
		};
		5FD45E911C6829AD003FB6D3 /* Model */ = {
			isa = PBXGroup;
			children = (
				5F82CF0E1C643F1500D23209 /* Post.swift */,
				5F82CF101C648F5C00D23209 /* PostCollection.swift */,
			);
			name = Model;
			sourceTree = "<group>";
		};
/* End PBXGroup section */

/* Begin PBXNativeTarget section */
		5F82CED51C64399E00D23209 /* RealmMemoApp */ = {
			isa = PBXNativeTarget;
			buildConfigurationList = 5F82CEFE1C64399E00D23209 /* Build configuration list for PBXNativeTarget "RealmMemoApp" */;
			buildPhases = (
				5F82CED21C64399E00D23209 /* Sources */,
				5F82CED31C64399E00D23209 /* Frameworks */,
				5F82CED41C64399E00D23209 /* Resources */,
				5F82CF0B1C643C9700D23209 /* ShellScript */,
			);
			buildRules = (
			);
			dependencies = (
			);
			name = RealmMemoApp;
			productName = RealmMemoApp;
			productReference = 5F82CED61C64399E00D23209 /* RealmMemoApp.app */;
			productType = "com.apple.product-type.application";
		};
		5F82CEE91C64399E00D23209 /* RealmMemoAppTests */ = {
			isa = PBXNativeTarget;
			buildConfigurationList = 5F82CF011C64399E00D23209 /* Build configuration list for PBXNativeTarget "RealmMemoAppTests" */;
			buildPhases = (
				5F82CEE61C64399E00D23209 /* Sources */,
				5F82CEE71C64399E00D23209 /* Frameworks */,
				5F82CEE81C64399E00D23209 /* Resources */,
			);
			buildRules = (
			);
			dependencies = (
				5F82CEEC1C64399E00D23209 /* PBXTargetDependency */,
			);
			name = RealmMemoAppTests;
			productName = RealmMemoAppTests;
			productReference = 5F82CEEA1C64399E00D23209 /* RealmMemoAppTests.xctest */;
			productType = "com.apple.product-type.bundle.unit-test";
		};
		5F82CEF41C64399E00D23209 /* RealmMemoAppUITests */ = {
			isa = PBXNativeTarget;
			buildConfigurationList = 5F82CF041C64399E00D23209 /* Build configuration list for PBXNativeTarget "RealmMemoAppUITests" */;
			buildPhases = (
				5F82CEF11C64399E00D23209 /* Sources */,
				5F82CEF21C64399E00D23209 /* Frameworks */,
				5F82CEF31C64399E00D23209 /* Resources */,
			);
			buildRules = (
			);
			dependencies = (
				5F82CEF71C64399E00D23209 /* PBXTargetDependency */,
			);
			name = RealmMemoAppUITests;
			productName = RealmMemoAppUITests;
			productReference = 5F82CEF51C64399E00D23209 /* RealmMemoAppUITests.xctest */;
			productType = "com.apple.product-type.bundle.ui-testing";
		};
/* End PBXNativeTarget section */

/* Begin PBXProject section */
		5F82CECE1C64399E00D23209 /* Project object */ = {
			isa = PBXProject;
			attributes = {
				LastSwiftUpdateCheck = 0720;
				LastUpgradeCheck = 0720;
				ORGANIZATIONNAME = KumagaiNaoki;
				TargetAttributes = {
					5F82CED51C64399E00D23209 = {
						CreatedOnToolsVersion = 7.2;
					};
					5F82CEE91C64399E00D23209 = {
						CreatedOnToolsVersion = 7.2;
						TestTargetID = 5F82CED51C64399E00D23209;
					};
					5F82CEF41C64399E00D23209 = {
						CreatedOnToolsVersion = 7.2;
						TestTargetID = 5F82CED51C64399E00D23209;
					};
				};
			};
			buildConfigurationList = 5F82CED11C64399E00D23209 /* Build configuration list for PBXProject "RealmMemoApp" */;
			compatibilityVersion = "Xcode 3.2";
			developmentRegion = English;
			hasScannedForEncodings = 0;
			knownRegions = (
				en,
				Base,
			);
			mainGroup = 5F82CECD1C64399E00D23209;
			productRefGroup = 5F82CED71C64399E00D23209 /* Products */;
			projectDirPath = "";
			projectRoot = "";
			targets = (
				5F82CED51C64399E00D23209 /* RealmMemoApp */,
				5F82CEE91C64399E00D23209 /* RealmMemoAppTests */,
				5F82CEF41C64399E00D23209 /* RealmMemoAppUITests */,
			);
		};
/* End PBXProject section */

/* Begin PBXResourcesBuildPhase section */
		5F82CED41C64399E00D23209 /* Resources */ = {
			isa = PBXResourcesBuildPhase;
			buildActionMask = 2147483647;
			files = (
				5F82CEE41C64399E00D23209 /* LaunchScreen.storyboard in Resources */,
				5F82CEE11C64399E00D23209 /* Assets.xcassets in Resources */,
				5F82CEDF1C64399E00D23209 /* Main.storyboard in Resources */,
			);
			runOnlyForDeploymentPostprocessing = 0;
		};
		5F82CEE81C64399E00D23209 /* Resources */ = {
			isa = PBXResourcesBuildPhase;
			buildActionMask = 2147483647;
			files = (
			);
			runOnlyForDeploymentPostprocessing = 0;
		};
		5F82CEF31C64399E00D23209 /* Resources */ = {
			isa = PBXResourcesBuildPhase;
			buildActionMask = 2147483647;
			files = (
			);
			runOnlyForDeploymentPostprocessing = 0;
		};
/* End PBXResourcesBuildPhase section */

/* Begin PBXShellScriptBuildPhase section */
		5F82CF0B1C643C9700D23209 /* ShellScript */ = {
			isa = PBXShellScriptBuildPhase;
			buildActionMask = 2147483647;
			files = (
			);
			inputPaths = (
				"$(SRCROOT)/Carthage/Build/iOS/Realm.framework",
				"$(SRCROOT)/Carthage/Build/iOS/RealmSwift.framework",
			);
			outputPaths = (
			);
			runOnlyForDeploymentPostprocessing = 0;
			shellPath = /bin/sh;
			shellScript = "/usr/local/bin/carthage copy-frameworks";
		};
/* End PBXShellScriptBuildPhase section */

/* Begin PBXSourcesBuildPhase section */
		5F82CED21C64399E00D23209 /* Sources */ = {
			isa = PBXSourcesBuildPhase;
			buildActionMask = 2147483647;
			files = (
				5F82CF0F1C643F1500D23209 /* Post.swift in Sources */,
				5F82CF111C648F5C00D23209 /* PostCollection.swift in Sources */,
				5F4828931C65C364007FB4FB /* SearchTableViewController.swift in Sources */,
				5F82CEDA1C64399E00D23209 /* AppDelegate.swift in Sources */,
				5F82CF0D1C643DCB00D23209 /* TableViewController.swift in Sources */,
			);
			runOnlyForDeploymentPostprocessing = 0;
		};
		5F82CEE61C64399E00D23209 /* Sources */ = {
			isa = PBXSourcesBuildPhase;
			buildActionMask = 2147483647;
			files = (
				5F82CEEF1C64399E00D23209 /* RealmMemoAppTests.swift in Sources */,
			);
			runOnlyForDeploymentPostprocessing = 0;
		};
		5F82CEF11C64399E00D23209 /* Sources */ = {
			isa = PBXSourcesBuildPhase;
			buildActionMask = 2147483647;
			files = (
				5F82CEFA1C64399E00D23209 /* RealmMemoAppUITests.swift in Sources */,
			);
			runOnlyForDeploymentPostprocessing = 0;
		};
/* End PBXSourcesBuildPhase section */

/* Begin PBXTargetDependency section */
		5F82CEEC1C64399E00D23209 /* PBXTargetDependency */ = {
			isa = PBXTargetDependency;
			target = 5F82CED51C64399E00D23209 /* RealmMemoApp */;
			targetProxy = 5F82CEEB1C64399E00D23209 /* PBXContainerItemProxy */;
		};
		5F82CEF71C64399E00D23209 /* PBXTargetDependency */ = {
			isa = PBXTargetDependency;
			target = 5F82CED51C64399E00D23209 /* RealmMemoApp */;
			targetProxy = 5F82CEF61C64399E00D23209 /* PBXContainerItemProxy */;
		};
/* End PBXTargetDependency section */

/* Begin PBXVariantGroup section */
		5F82CEDD1C64399E00D23209 /* Main.storyboard */ = {
			isa = PBXVariantGroup;
			children = (
				5F82CEDE1C64399E00D23209 /* Base */,
			);
			name = Main.storyboard;
			sourceTree = "<group>";
		};
		5F82CEE21C64399E00D23209 /* LaunchScreen.storyboard */ = {
			isa = PBXVariantGroup;
			children = (
				5F82CEE31C64399E00D23209 /* Base */,
			);
			name = LaunchScreen.storyboard;
			sourceTree = "<group>";
		};
/* End PBXVariantGroup section */

/* Begin XCBuildConfiguration section */
		5F82CEFC1C64399E00D23209 /* Debug */ = {
			isa = XCBuildConfiguration;
			buildSettings = {
				ALWAYS_SEARCH_USER_PATHS = NO;
				CLANG_CXX_LANGUAGE_STANDARD = "gnu++0x";
				CLANG_CXX_LIBRARY = "libc++";
				CLANG_ENABLE_MODULES = YES;
				CLANG_ENABLE_OBJC_ARC = YES;
				CLANG_WARN_BOOL_CONVERSION = YES;
				CLANG_WARN_CONSTANT_CONVERSION = YES;
				CLANG_WARN_DIRECT_OBJC_ISA_USAGE = YES_ERROR;
				CLANG_WARN_EMPTY_BODY = YES;
				CLANG_WARN_ENUM_CONVERSION = YES;
				CLANG_WARN_INT_CONVERSION = YES;
				CLANG_WARN_OBJC_ROOT_CLASS = YES_ERROR;
				CLANG_WARN_UNREACHABLE_CODE = YES;
				CLANG_WARN__DUPLICATE_METHOD_MATCH = YES;
				"CODE_SIGN_IDENTITY[sdk=iphoneos*]" = "iPhone Developer";
				COPY_PHASE_STRIP = NO;
				DEBUG_INFORMATION_FORMAT = dwarf;
				ENABLE_STRICT_OBJC_MSGSEND = YES;
				ENABLE_TESTABILITY = YES;
				GCC_C_LANGUAGE_STANDARD = gnu99;
				GCC_DYNAMIC_NO_PIC = NO;
				GCC_NO_COMMON_BLOCKS = YES;
				GCC_OPTIMIZATION_LEVEL = 0;
				GCC_PREPROCESSOR_DEFINITIONS = (
					"DEBUG=1",
					"$(inherited)",
				);
				GCC_WARN_64_TO_32_BIT_CONVERSION = YES;
				GCC_WARN_ABOUT_RETURN_TYPE = YES_ERROR;
				GCC_WARN_UNDECLARED_SELECTOR = YES;
				GCC_WARN_UNINITIALIZED_AUTOS = YES_AGGRESSIVE;
				GCC_WARN_UNUSED_FUNCTION = YES;
				GCC_WARN_UNUSED_VARIABLE = YES;
				IPHONEOS_DEPLOYMENT_TARGET = 9.2;
				MTL_ENABLE_DEBUG_INFO = YES;
				ONLY_ACTIVE_ARCH = YES;
				SDKROOT = iphoneos;
				SWIFT_OPTIMIZATION_LEVEL = "-Onone";
			};
			name = Debug;
		};
		5F82CEFD1C64399E00D23209 /* Release */ = {
			isa = XCBuildConfiguration;
			buildSettings = {
				ALWAYS_SEARCH_USER_PATHS = NO;
				CLANG_CXX_LANGUAGE_STANDARD = "gnu++0x";
				CLANG_CXX_LIBRARY = "libc++";
				CLANG_ENABLE_MODULES = YES;
				CLANG_ENABLE_OBJC_ARC = YES;
				CLANG_WARN_BOOL_CONVERSION = YES;
				CLANG_WARN_CONSTANT_CONVERSION = YES;
				CLANG_WARN_DIRECT_OBJC_ISA_USAGE = YES_ERROR;
				CLANG_WARN_EMPTY_BODY = YES;
				CLANG_WARN_ENUM_CONVERSION = YES;
				CLANG_WARN_INT_CONVERSION = YES;
				CLANG_WARN_OBJC_ROOT_CLASS = YES_ERROR;
				CLANG_WARN_UNREACHABLE_CODE = YES;
				CLANG_WARN__DUPLICATE_METHOD_MATCH = YES;
				"CODE_SIGN_IDENTITY[sdk=iphoneos*]" = "iPhone Developer";
				COPY_PHASE_STRIP = NO;
				DEBUG_INFORMATION_FORMAT = "dwarf-with-dsym";
				ENABLE_NS_ASSERTIONS = NO;
				ENABLE_STRICT_OBJC_MSGSEND = YES;
				GCC_C_LANGUAGE_STANDARD = gnu99;
				GCC_NO_COMMON_BLOCKS = YES;
				GCC_WARN_64_TO_32_BIT_CONVERSION = YES;
				GCC_WARN_ABOUT_RETURN_TYPE = YES_ERROR;
				GCC_WARN_UNDECLARED_SELECTOR = YES;
				GCC_WARN_UNINITIALIZED_AUTOS = YES_AGGRESSIVE;
				GCC_WARN_UNUSED_FUNCTION = YES;
				GCC_WARN_UNUSED_VARIABLE = YES;
				IPHONEOS_DEPLOYMENT_TARGET = 9.2;
				MTL_ENABLE_DEBUG_INFO = NO;
				SDKROOT = iphoneos;
				VALIDATE_PRODUCT = YES;
			};
			name = Release;
		};
		5F82CEFF1C64399E00D23209 /* Debug */ = {
			isa = XCBuildConfiguration;
			buildSettings = {
				ASSETCATALOG_COMPILER_APPICON_NAME = AppIcon;
				FRAMEWORK_SEARCH_PATHS = (
					"$(inherited)",
					"$(PROJECT_DIR)/Carthage/Build/iOS",
				);
				INFOPLIST_FILE = RealmMemoApp/Info.plist;
				LD_RUNPATH_SEARCH_PATHS = "$(inherited) @executable_path/Frameworks";
				PRODUCT_BUNDLE_IDENTIFIER = naoki.kumagai.RealmMemoApp;
				PRODUCT_NAME = "$(TARGET_NAME)";
			};
			name = Debug;
		};
		5F82CF001C64399E00D23209 /* Release */ = {
			isa = XCBuildConfiguration;
			buildSettings = {
				ASSETCATALOG_COMPILER_APPICON_NAME = AppIcon;
				FRAMEWORK_SEARCH_PATHS = (
					"$(inherited)",
					"$(PROJECT_DIR)/Carthage/Build/iOS",
				);
				INFOPLIST_FILE = RealmMemoApp/Info.plist;
				LD_RUNPATH_SEARCH_PATHS = "$(inherited) @executable_path/Frameworks";
				PRODUCT_BUNDLE_IDENTIFIER = naoki.kumagai.RealmMemoApp;
				PRODUCT_NAME = "$(TARGET_NAME)";
			};
			name = Release;
		};
		5F82CF021C64399E00D23209 /* Debug */ = {
			isa = XCBuildConfiguration;
			buildSettings = {
				BUNDLE_LOADER = "$(TEST_HOST)";
				INFOPLIST_FILE = RealmMemoAppTests/Info.plist;
				LD_RUNPATH_SEARCH_PATHS = "$(inherited) @executable_path/Frameworks @loader_path/Frameworks";
				PRODUCT_BUNDLE_IDENTIFIER = naoki.kumagai.RealmMemoAppTests;
				PRODUCT_NAME = "$(TARGET_NAME)";
				TEST_HOST = "$(BUILT_PRODUCTS_DIR)/RealmMemoApp.app/RealmMemoApp";
			};
			name = Debug;
		};
		5F82CF031C64399E00D23209 /* Release */ = {
			isa = XCBuildConfiguration;
			buildSettings = {
				BUNDLE_LOADER = "$(TEST_HOST)";
				INFOPLIST_FILE = RealmMemoAppTests/Info.plist;
				LD_RUNPATH_SEARCH_PATHS = "$(inherited) @executable_path/Frameworks @loader_path/Frameworks";
				PRODUCT_BUNDLE_IDENTIFIER = naoki.kumagai.RealmMemoAppTests;
				PRODUCT_NAME = "$(TARGET_NAME)";
				TEST_HOST = "$(BUILT_PRODUCTS_DIR)/RealmMemoApp.app/RealmMemoApp";
			};
			name = Release;
		};
		5F82CF051C64399E00D23209 /* Debug */ = {
			isa = XCBuildConfiguration;
			buildSettings = {
				INFOPLIST_FILE = RealmMemoAppUITests/Info.plist;
				LD_RUNPATH_SEARCH_PATHS = "$(inherited) @executable_path/Frameworks @loader_path/Frameworks";
				PRODUCT_BUNDLE_IDENTIFIER = naoki.kumagai.RealmMemoAppUITests;
				PRODUCT_NAME = "$(TARGET_NAME)";
				TEST_TARGET_NAME = RealmMemoApp;
				USES_XCTRUNNER = YES;
			};
			name = Debug;
		};
		5F82CF061C64399E00D23209 /* Release */ = {
			isa = XCBuildConfiguration;
			buildSettings = {
				INFOPLIST_FILE = RealmMemoAppUITests/Info.plist;
				LD_RUNPATH_SEARCH_PATHS = "$(inherited) @executable_path/Frameworks @loader_path/Frameworks";
				PRODUCT_BUNDLE_IDENTIFIER = naoki.kumagai.RealmMemoAppUITests;
				PRODUCT_NAME = "$(TARGET_NAME)";
				TEST_TARGET_NAME = RealmMemoApp;
				USES_XCTRUNNER = YES;
			};
			name = Release;
		};
/* End XCBuildConfiguration section */

/* Begin XCConfigurationList section */
		5F82CED11C64399E00D23209 /* Build configuration list for PBXProject "RealmMemoApp" */ = {
			isa = XCConfigurationList;
			buildConfigurations = (
				5F82CEFC1C64399E00D23209 /* Debug */,
				5F82CEFD1C64399E00D23209 /* Release */,
			);
			defaultConfigurationIsVisible = 0;
			defaultConfigurationName = Release;
		};
		5F82CEFE1C64399E00D23209 /* Build configuration list for PBXNativeTarget "RealmMemoApp" */ = {
			isa = XCConfigurationList;
			buildConfigurations = (
				5F82CEFF1C64399E00D23209 /* Debug */,
				5F82CF001C64399E00D23209 /* Release */,
			);
			defaultConfigurationIsVisible = 0;
			defaultConfigurationName = Release;
		};
		5F82CF011C64399E00D23209 /* Build configuration list for PBXNativeTarget "RealmMemoAppTests" */ = {
			isa = XCConfigurationList;
			buildConfigurations = (
				5F82CF021C64399E00D23209 /* Debug */,
				5F82CF031C64399E00D23209 /* Release */,
			);
			defaultConfigurationIsVisible = 0;
			defaultConfigurationName = Release;
		};
		5F82CF041C64399E00D23209 /* Build configuration list for PBXNativeTarget "RealmMemoAppUITests" */ = {
			isa = XCConfigurationList;
			buildConfigurations = (
				5F82CF051C64399E00D23209 /* Debug */,
				5F82CF061C64399E00D23209 /* Release */,
			);
			defaultConfigurationIsVisible = 0;
			defaultConfigurationName = Release;
		};
/* End XCConfigurationList section */
	};
	rootObject = 5F82CECE1C64399E00D23209 /* Project object */;
}
